
Microsoft Visual Studio Solution File, Format Version 12.00
# Visual Studio 15
VisualStudioVersion = 15.0.28307.438
MinimumVisualStudioVersion = 10.0.40219.1
Project("{9A19103F-16F7-4668-BE54-9A1E7A4F7556}") = "CSIS 2450 Website", "CSIS 2450 Website\CSIS 2450 Website.csproj", "{521ECD97-F9E1-4191-B94A-4B4E356600E3}"
EndProject
Global
	GlobalSection(SolutionConfigurationPlatforms) = preSolution
		Debug|Any CPU = Debug|Any CPU
		Release|Any CPU = Release|Any CPU
	EndGlobalSection
	GlobalSection(ProjectConfigurationPlatforms) = postSolution
		{521ECD97-F9E1-4191-B94A-4B4E356600E3}.Debug|Any CPU.ActiveCfg = Debug|Any CPU
		{521ECD97-F9E1-4191-B94A-4B4E356600E3}.Debug|Any CPU.Build.0 = Debug|Any CPU
		{521ECD97-F9E1-4191-B94A-4B4E356600E3}.Release|Any CPU.ActiveCfg = Release|Any CPU
		{521ECD97-F9E1-4191-B94A-4B4E356600E3}.Release|Any CPU.Build.0 = Release|Any CPU
	EndGlobalSection
	GlobalSection(SolutionProperties) = preSolution
		HideSolutionNode = FALSE
	EndGlobalSection
	GlobalSection(ExtensibilityGlobals) = postSolution
		SolutionGuid = {EDD3590D-290C-40DE-ABC4-3BBA47FD4956}
	EndGlobalSection
EndGlobal
